<?xml version="1.0" encoding="utf-8"?>
<Project ToolsVersion="4.0" xmlns="http://schemas.microsoft.com/developer/msbuild/2003">
  <ItemGroup>
    <Filter Include="Source Files">
      <UniqueIdentifier>{4FC737F1-C7A5-4376-A066-2A32D752A2FF}</UniqueIdentifier>
      <Extensions>cpp;c;cc;cxx;def;odl;idl;hpj;bat;asm;asmx</Extensions>
    </Filter>
    <Filter Include="Header Files">
      <UniqueIdentifier>{93995380-89BD-4b04-88EB-625FBE52EBFB}</UniqueIdentifier>
      <Extensions>h;hpp;hxx;hm;inl;inc;xsd</Extensions>
    </Filter>
    <Filter Include="Resource Files">
      <UniqueIdentifier>{67DA6AB6-F800-4c08-8B7A-83BB121AAD01}</UniqueIdentifier>
      <Extensions>rc;ico;cur;bmp;dlg;rc2;rct;bin;rgs;gif;jpg;jpeg;jpe;resx;tiff;tif;png;wav;mfcribbon-ms</Extensions>
    </Filter>
    <Filter Include="Source Files\compat">
      <UniqueIdentifier>{8450e613-10d0-41b3-88bf-e55ca6dff172}</UniqueIdentifier>
    </Filter>
    <Filter Include="Header Files\compat">
      <UniqueIdentifier>{fc77cfdd-16e1-4d8b-b2b1-7556c850f60c}</UniqueIdentifier>
    </Filter>
  </ItemGroup>
  <ItemGroup>
    <ClCompile Include="..\src\client.c">
      <Filter>Source Files</Filter>
    </ClCompile>
    <ClCompile Include="..\src\config.c">
      <Filter>Source Files</Filter>
    </ClCompile>
    <ClCompile Include="..\src\log.c">
      <Filter>Source Files</Filter>
    </ClCompile>
    <ClCompile Include="..\src\main.c">
      <Filter>Source Files</Filter>
    </ClCompile>
    <ClCompile Include="..\src\util.c">
      <Filter>Source Files</Filter>
    </ClCompile>
    <ClCompile Include="..\src\win32\getopt_long.c">
      <Filter>Source Files\compat</Filter>
    </ClCompile>
    <ClCompile Include="..\src\portcheck.c">
      <Filter>Source Files</Filter>
    </ClCompile>
    <ClCompile Include="..\src\db_sqlite.c">
      <Filter>Source Files</Filter>
    </ClCompile>
    <ClCompile Include="..\src\server.c">
      <Filter>Source Files</Filter>
    </ClCompile>
    <ClCompile Include="..\src\event_callback.c">
      <Filter>Source Files</Filter>
    </ClCompile>
    <ClCompile Include="..\src\packet.c">
      <Filter>Source Files</Filter>
    </ClCompile>
    <ClCompile Include="..\src\login.c">
      <Filter>Source Files</Filter>
    </ClCompile>
  </ItemGroup>
  <ItemGroup>
    <ClInclude Include="..\src\client.h">
      <Filter>Header Files</Filter>
    </ClInclude>
    <ClInclude Include="..\src\config.h">
      <Filter>Header Files</Filter>
    </ClInclude>
    <ClInclude Include="..\src\ed2k_proto.h">
      <Filter>Header Files</Filter>
    </ClInclude>
    <ClInclude Include="..\src\log.h">
      <Filter>Header Files</Filter>
    </ClInclude>
    <ClInclude Include="..\src\util.h">
      <Filter>Header Files</Filter>
    </ClInclude>
    <ClInclude Include="..\src\version.h">
      <Filter>Header Files</Filter>
    </ClInclude>
    <ClInclude Include="..\src\packed_struct.h">
      <Filter>Header Files</Filter>
    </ClInclude>
    <ClInclude Include="..\src\portcheck.h">
      <Filter>Header Files</Filter>
    </ClInclude>
    <ClInclude Include="..\src\win32\getopt.h">
      <Filter>Header Files\compat</Filter>
    </ClInclude>
    <ClInclude Include="..\src\db.h">
      <Filter>Header Files</Filter>
    </ClInclude>
    <ClInclude Include="..\src\server.h">
      <Filter>Header Files</Filter>
    </ClInclude>
    <ClInclude Include="..\src\event_callback.h">
      <Filter>Header Files</Filter>
    </ClInclude>
    <ClInclude Include="..\src\job.h">
      <Filter>Header Files</Filter>
    </ClInclude>
    <ClInclude Include="..\src\uthash.h">
      <Filter>Header Files</Filter>
    </ClInclude>
    <ClInclude Include="..\src\packet.h">
      <Filter>Header Files</Filter>
    </ClInclude>
    <ClInclude Include="..\src\login.h">
      <Filter>Header Files</Filter>
    </ClInclude>
    <ClInclude Include="..\src\atomic.h">
      <Filter>Header Files</Filter>
    </ClInclude>
  </ItemGroup>
</Project>